
Microsoft Visual Studio Solution File, Format Version 12.00
# Visual Studio Version 16
VisualStudioVersion = 16.0.31205.134
MinimumVisualStudioVersion = 10.0.40219.1
Project("{6EC3EE1D-3C4E-46DD-8F32-0CC8E7565705}") = "FYampaSynth", "FYampaSynth\FYampaSynth.fsproj", "{69A63DD5-ED63-4443-8C03-99ECB4B5B2EE}"
EndProject
Project("{6EC3EE1D-3C4E-46DD-8F32-0CC8E7565705}") = "SynthDemo", "SynthDemo\SynthDemo.fsproj", "{53334609-CAED-4DBD-BD95-E2AFAE3A2673}"
EndProject
Project("{F2A71F9B-5D33-465A-A702-920D77279786}") = "FYampaSynth.Test", "FYampaSynth.Test\FYampaSynth.Test.fsproj", "{A6DBD586-67AD-44F9-83E9-E17B411ACC8B}"
EndProject
Global
	GlobalSection(SolutionConfigurationPlatforms) = preSolution
		Debug|Any CPU = Debug|Any CPU
		Release|Any CPU = Release|Any CPU
	EndGlobalSection
	GlobalSection(ProjectConfigurationPlatforms) = postSolution
		{69A63DD5-ED63-4443-8C03-99ECB4B5B2EE}.Debug|Any CPU.ActiveCfg = Debug|Any CPU
		{69A63DD5-ED63-4443-8C03-99ECB4B5B2EE}.Debug|Any CPU.Build.0 = Debug|Any CPU
		{69A63DD5-ED63-4443-8C03-99ECB4B5B2EE}.Release|Any CPU.ActiveCfg = Release|Any CPU
		{69A63DD5-ED63-4443-8C03-99ECB4B5B2EE}.Release|Any CPU.Build.0 = Release|Any CPU
		{53334609-CAED-4DBD-BD95-E2AFAE3A2673}.Debug|Any CPU.ActiveCfg = Debug|Any CPU
		{53334609-CAED-4DBD-BD95-E2AFAE3A2673}.Debug|Any CPU.Build.0 = Debug|Any CPU
		{53334609-CAED-4DBD-BD95-E2AFAE3A2673}.Release|Any CPU.ActiveCfg = Release|Any CPU
		{53334609-CAED-4DBD-BD95-E2AFAE3A2673}.Release|Any CPU.Build.0 = Release|Any CPU
		{A6DBD586-67AD-44F9-83E9-E17B411ACC8B}.Debug|Any CPU.ActiveCfg = Debug|Any CPU
		{A6DBD586-67AD-44F9-83E9-E17B411ACC8B}.Debug|Any CPU.Build.0 = Debug|Any CPU
		{A6DBD586-67AD-44F9-83E9-E17B411ACC8B}.Release|Any CPU.ActiveCfg = Release|Any CPU
		{A6DBD586-67AD-44F9-83E9-E17B411ACC8B}.Release|Any CPU.Build.0 = Release|Any CPU
	EndGlobalSection
	GlobalSection(SolutionProperties) = preSolution
		HideSolutionNode = FALSE
	EndGlobalSection
	GlobalSection(ExtensibilityGlobals) = postSolution
		SolutionGuid = {DE076864-CA92-45B9-A408-00552416E718}
	EndGlobalSection
EndGlobal
